// !$*UTF8*$!
{
	archiveVersion = 1;
	classes = {
	};
	objectVersion = 46;
	objects = {

/* Begin PBXBuildFile section */
		774456F41DAE16180054624F /* AppDelegate.swift in Sources */ = {isa = PBXBuildFile; fileRef = 774456F31DAE16180054624F /* AppDelegate.swift */; };
		774456F61DAE16180054624F /* ViewController.swift in Sources */ = {isa = PBXBuildFile; fileRef = 774456F51DAE16180054624F /* ViewController.swift */; };
		774456F91DAE16180054624F /* Main.storyboard in Resources */ = {isa = PBXBuildFile; fileRef = 774456F71DAE16180054624F /* Main.storyboard */; };
		774456FB1DAE16180054624F /* Assets.xcassets in Resources */ = {isa = PBXBuildFile; fileRef = 774456FA1DAE16180054624F /* Assets.xcassets */; };
		774456FE1DAE16180054624F /* LaunchScreen.storyboard in Resources */ = {isa = PBXBuildFile; fileRef = 774456FC1DAE16180054624F /* LaunchScreen.storyboard */; };
/* End PBXBuildFile section */

/* Begin PBXFileReference section */
		774456F01DAE16180054624F /* CoreTextTest.app */ = {isa = PBXFileReference; explicitFileType = wrapper.application; includeInIndex = 0; path = CoreTextTest.app; sourceTree = BUILT_PRODUCTS_DIR; };
		774456F31DAE16180054624F /* AppDelegate.swift */ = {isa = PBXFileReference; lastKnownFileType = sourcecode.swift; path = AppDelegate.swift; sourceTree = "<group>"; };
		774456F51DAE16180054624F /* ViewController.swift */ = {isa = PBXFileReference; lastKnownFileType = sourcecode.swift; path = ViewController.swift; sourceTree = "<group>"; };
		774456F81DAE16180054624F /* Base */ = {isa = PBXFileReference; lastKnownFileType = file.storyboard; name = Base; path = Base.lproj/Main.storyboard; sourceTree = "<group>"; };
		774456FA1DAE16180054624F /* Assets.xcassets */ = {isa = PBXFileReference; lastKnownFileType = folder.assetcatalog; path = Assets.xcassets; sourceTree = "<group>"; };
		774456FD1DAE16180054624F /* Base */ = {isa = PBXFileReference; lastKnownFileType = file.storyboard; name = Base; path = Base.lproj/LaunchScreen.storyboard; sourceTree = "<group>"; };
		774456FF1DAE16180054624F /* Info.plist */ = {isa = PBXFileReference; lastKnownFileType = text.plist.xml; path = Info.plist; sourceTree = "<group>"; };
/* End PBXFileReference section */

/* Begin PBXFrameworksBuildPhase section */
		774456ED1DAE16180054624F /* Frameworks */ = {
			isa = PBXFrameworksBuildPhase;
			buildActionMask = 2147483647;
			files = (
			);
			runOnlyForDeploymentPostprocessing = 0;
		};
/* End PBXFrameworksBuildPhase section */

/* Begin PBXGroup section */
		774456E71DAE16180054624F = {
			isa = PBXGroup;
			children = (
				774456F21DAE16180054624F /* CoreTextTest */,
				774456F11DAE16180054624F /* Products */,
			);
			sourceTree = "<group>";
		};
		774456F11DAE16180054624F /* Products */ = {
			isa = PBXGroup;
			children = (
				774456F01DAE16180054624F /* CoreTextTest.app */,
			);
			name = Products;
			sourceTree = "<group>";
		};
		774456F21DAE16180054624F /* CoreTextTest */ = {
			isa = PBXGroup;
			children = (
				774456F31DAE16180054624F /* AppDelegate.swift */,
				774456F51DAE16180054624F /* ViewController.swift */,
				774456F71DAE16180054624F /* Main.storyboard */,
				774456FA1DAE16180054624F /* Assets.xcassets */,
				774456FC1DAE16180054624F /* LaunchScreen.storyboard */,
				774456FF1DAE16180054624F /* Info.plist */,
			);
			path = CoreTextTest;
			sourceTree = "<group>";
		};
/* End PBXGroup section */

/* Begin PBXNativeTarget section */
		774456EF1DAE16180054624F /* CoreTextTest */ = {
			isa = PBXNativeTarget;
			buildConfigurationList = 774457021DAE16180054624F /* Build configuration list for PBXNativeTarget "CoreTextTest" */;
			buildPhases = (
				774456EC1DAE16180054624F /* Sources */,
				774456ED1DAE16180054624F /* Frameworks */,
				774456EE1DAE16180054624F /* Resources */,
			);
			buildRules = (
			);
			dependencies = (
			);
			name = CoreTextTest;
			productName = CoreTextTest;
			productReference = 774456F01DAE16180054624F /* CoreTextTest.app */;
			productType = "com.apple.product-type.application";
		};
/* End PBXNativeTarget section */

/* Begin PBXProject section */
		774456E81DAE16180054624F /* Project object */ = {
			isa = PBXProject;
			attributes = {
				LastSwiftUpdateCheck = 0800;
				LastUpgradeCheck = 0800;
				ORGANIZATIONNAME = FictionPress;
				TargetAttributes = {
					774456EF1DAE16180054624F = {
						CreatedOnToolsVersion = 8.0;
						DevelopmentTeam = AHTQ7W4MCE;
						ProvisioningStyle = Automatic;
					};
				};
			};
			buildConfigurationList = 774456EB1DAE16180054624F /* Build configuration list for PBXProject "CoreTextTest" */;
			compatibilityVersion = "Xcode 3.2";
			developmentRegion = English;
			hasScannedForEncodings = 0;
			knownRegions = (
				en,
				Base,
			);
			mainGroup = 774456E71DAE16180054624F;
			productRefGroup = 774456F11DAE16180054624F /* Products */;
			projectDirPath = "";
			projectRoot = "";
			targets = (
				774456EF1DAE16180054624F /* CoreTextTest */,
			);
		};
/* End PBXProject section */

/* Begin PBXResourcesBuildPhase section */
		774456EE1DAE16180054624F /* Resources */ = {
			isa = PBXResourcesBuildPhase;
			buildActionMask = 2147483647;
			files = (
				774456FE1DAE16180054624F /* LaunchScreen.storyboard in Resources */,
				774456FB1DAE16180054624F /* Assets.xcassets in Resources */,
				774456F91DAE16180054624F /* Main.storyboard in Resources */,
			);
			runOnlyForDeploymentPostprocessing = 0;
		};
/* End PBXResourcesBuildPhase section */

/* Begin PBXSourcesBuildPhase section */
		774456EC1DAE16180054624F /* Sources */ = {
			isa = PBXSourcesBuildPhase;
			buildActionMask = 2147483647;
			files = (
				774456F61DAE16180054624F /* ViewController.swift in Sources */,
				774456F41DAE16180054624F /* AppDelegate.swift in Sources */,
			);
			runOnlyForDeploymentPostprocessing = 0;
		};
/* End PBXSourcesBuildPhase section */

/* Begin PBXVariantGroup section */
		774456F71DAE16180054624F /* Main.storyboard */ = {
			isa = PBXVariantGroup;
			children = (
				774456F81DAE16180054624F /* Base */,
			);
			name = Main.storyboard;
			sourceTree = "<group>";
		};
		774456FC1DAE16180054624F /* LaunchScreen.storyboard */ = {
			isa = PBXVariantGroup;
			children = (
				774456FD1DAE16180054624F /* Base */,
			);
			name = LaunchScreen.storyboard;
			sourceTree = "<group>";
		};
/* End PBXVariantGroup section */

/* Begin XCBuildConfiguration section */
		774457001DAE16180054624F /* Debug */ = {
			isa = XCBuildConfiguration;
			buildSettings = {
				ALWAYS_SEARCH_USER_PATHS = NO;
				CLANG_ANALYZER_NONNULL = YES;
				CLANG_CXX_LANGUAGE_STANDARD = "gnu++0x";
				CLANG_CXX_LIBRARY = "libc++";
				CLANG_ENABLE_MODULES = YES;
				CLANG_ENABLE_OBJC_ARC = YES;
				CLANG_WARN_BOOL_CONVERSION = YES;
				CLANG_WARN_CONSTANT_CONVERSION = YES;
				CLANG_WARN_DIRECT_OBJC_ISA_USAGE = YES_ERROR;
				CLANG_WARN_DOCUMENTATION_COMMENTS = YES;
				CLANG_WARN_EMPTY_BODY = YES;
				CLANG_WARN_ENUM_CONVERSION = YES;
				CLANG_WARN_INFINITE_RECURSION = YES;
				CLANG_WARN_INT_CONVERSION = YES;
				CLANG_WARN_OBJC_ROOT_CLASS = YES_ERROR;
				CLANG_WARN_SUSPICIOUS_MOVES = YES;
				CLANG_WARN_UNREACHABLE_CODE = YES;
				CLANG_WARN__DUPLICATE_METHOD_MATCH = YES;
				"CODE_SIGN_IDENTITY[sdk=iphoneos*]" = "iPhone Developer";
				COPY_PHASE_STRIP = NO;
				DEBUG_INFORMATION_FORMAT = dwarf;
				ENABLE_STRICT_OBJC_MSGSEND = YES;
				ENABLE_TESTABILITY = YES;
				GCC_C_LANGUAGE_STANDARD = gnu99;
				GCC_DYNAMIC_NO_PIC = NO;
				GCC_NO_COMMON_BLOCKS = YES;
				GCC_OPTIMIZATION_LEVEL = 0;
				GCC_PREPROCESSOR_DEFINITIONS = (
					"DEBUG=1",
					"$(inherited)",
				);
				GCC_WARN_64_TO_32_BIT_CONVERSION = YES;
				GCC_WARN_ABOUT_RETURN_TYPE = YES_ERROR;
				GCC_WARN_UNDECLARED_SELECTOR = YES;
				GCC_WARN_UNINITIALIZED_AUTOS = YES_AGGRESSIVE;
				GCC_WARN_UNUSED_FUNCTION = YES;
				GCC_WARN_UNUSED_VARIABLE = YES;
				IPHONEOS_DEPLOYMENT_TARGET = 10.0;
				MTL_ENABLE_DEBUG_INFO = YES;
				ONLY_ACTIVE_ARCH = YES;
				SDKROOT = iphoneos;
				SWIFT_ACTIVE_COMPILATION_CONDITIONS = DEBUG;
				SWIFT_OPTIMIZATION_LEVEL = "-Onone";
			};
			name = Debug;
		};
		774457011DAE16180054624F /* Release */ = {
			isa = XCBuildConfiguration;
			buildSettings = {
				ALWAYS_SEARCH_USER_PATHS = NO;
				CLANG_ANALYZER_NONNULL = YES;
				CLANG_CXX_LANGUAGE_STANDARD = "gnu++0x";
				CLANG_CXX_LIBRARY = "libc++";
				CLANG_ENABLE_MODULES = YES;
				CLANG_ENABLE_OBJC_ARC = YES;
				CLANG_WARN_BOOL_CONVERSION = YES;
				CLANG_WARN_CONSTANT_CONVERSION = YES;
				CLANG_WARN_DIRECT_OBJC_ISA_USAGE = YES_ERROR;
				CLANG_WARN_DOCUMENTATION_COMMENTS = YES;
				CLANG_WARN_EMPTY_BODY = YES;
				CLANG_WARN_ENUM_CONVERSION = YES;
				CLANG_WARN_INFINITE_RECURSION = YES;
				CLANG_WARN_INT_CONVERSION = YES;
				CLANG_WARN_OBJC_ROOT_CLASS = YES_ERROR;
				CLANG_WARN_SUSPICIOUS_MOVES = YES;
				CLANG_WARN_UNREACHABLE_CODE = YES;
				CLANG_WARN__DUPLICATE_METHOD_MATCH = YES;
				"CODE_SIGN_IDENTITY[sdk=iphoneos*]" = "iPhone Developer";
				COPY_PHASE_STRIP = NO;
				DEBUG_INFORMATION_FORMAT = "dwarf-with-dsym";
				ENABLE_NS_ASSERTIONS = NO;
				ENABLE_STRICT_OBJC_MSGSEND = YES;
				GCC_C_LANGUAGE_STANDARD = gnu99;
				GCC_NO_COMMON_BLOCKS = YES;
				GCC_WARN_64_TO_32_BIT_CONVERSION = YES;
				GCC_WARN_ABOUT_RETURN_TYPE = YES_ERROR;
				GCC_WARN_UNDECLARED_SELECTOR = YES;
				GCC_WARN_UNINITIALIZED_AUTOS = YES_AGGRESSIVE;
				GCC_WARN_UNUSED_FUNCTION = YES;
				GCC_WARN_UNUSED_VARIABLE = YES;
				IPHONEOS_DEPLOYMENT_TARGET = 10.0;
				MTL_ENABLE_DEBUG_INFO = NO;
				SDKROOT = iphoneos;
				SWIFT_OPTIMIZATION_LEVEL = "-Owholemodule";
				VALIDATE_PRODUCT = YES;
			};
			name = Release;
		};
		774457031DAE16180054624F /* Debug */ = {
			isa = XCBuildConfiguration;
			buildSettings = {
				ASSETCATALOG_COMPILER_APPICON_NAME = AppIcon;
				"CODE_SIGN_IDENTITY[sdk=iphoneos*]" = "iPhone Developer";
				DEVELOPMENT_TEAM = AHTQ7W4MCE;
				INFOPLIST_FILE = CoreTextTest/Info.plist;
				LD_RUNPATH_SEARCH_PATHS = "$(inherited) @executable_path/Frameworks";
				PRODUCT_BUNDLE_IDENTIFIER = com.test.CoreTextTest;
				PRODUCT_NAME = "$(TARGET_NAME)";
				SWIFT_VERSION = 3.0;
			};
			name = Debug;
		};
		774457041DAE16180054624F /* Release */ = {
			isa = XCBuildConfiguration;
			buildSettings = {
				ASSETCATALOG_COMPILER_APPICON_NAME = AppIcon;
				"CODE_SIGN_IDENTITY[sdk=iphoneos*]" = "iPhone Developer";
				DEVELOPMENT_TEAM = AHTQ7W4MCE;
				INFOPLIST_FILE = CoreTextTest/Info.plist;
				LD_RUNPATH_SEARCH_PATHS = "$(inherited) @executable_path/Frameworks";
				PRODUCT_BUNDLE_IDENTIFIER = com.test.CoreTextTest;
				PRODUCT_NAME = "$(TARGET_NAME)";
				SWIFT_VERSION = 3.0;
			};
			name = Release;
		};
/* End XCBuildConfiguration section */

/* Begin XCConfigurationList section */
		774456EB1DAE16180054624F /* Build configuration list for PBXProject "CoreTextTest" */ = {
			isa = XCConfigurationList;
			buildConfigurations = (
				774457001DAE16180054624F /* Debug */,
				774457011DAE16180054624F /* Release */,
			);
			defaultConfigurationIsVisible = 0;
			defaultConfigurationName = Release;
		};
		774457021DAE16180054624F /* Build configuration list for PBXNativeTarget "CoreTextTest" */ = {
			isa = XCConfigurationList;
			buildConfigurations = (
				774457031DAE16180054624F /* Debug */,
				774457041DAE16180054624F /* Release */,
			);
			defaultConfigurationIsVisible = 0;
			defaultConfigurationName = Release;
		};
/* End XCConfigurationList section */
	};
	rootObject = 774456E81DAE16180054624F /* Project object */;
}
